{
  "name": "raspberry-monitor",
  "version": "0.0.0",
  "lockfileVersion": 3,
  "requires": true,
  "packages": {
    "": {
      "name": "raspberry-monitor",
      "version": "0.0.0",
      "license": "BSD 2-Clause",
      "dependencies": {
        "async-q": "^0.3.1",
        "cross-clear": "^1.0.0",
        "is-root": "^2.0.0",
        "raspberry-info": "^1.0.4",
        "rpi_measure_temp": "^1.0.0"
      }
    },
    "node_modules/async-q": {
      "version": "0.3.1",
      "resolved": "https://registry.npmjs.org/async-q/-/async-q-0.3.1.tgz",
      "integrity": "sha1-WxZwlTYbMm0m634rJaBSvTOaV8Q=",
      "dependencies": {
        "q": "~1.4.1",
        "throat": "~1.0.0"
      }
    },
    "node_modules/cross-clear": {
      "version": "1.0.0",
      "resolved": "https://registry.npmjs.org/cross-clear/-/cross-clear-1.0.0.tgz",
      "integrity": "sha1-2jObB7Ecl3UxDQpfbyfDJDeFfUg=",
      "bin": {
        "cross-clear": "bin.js"
      }
    },
    "node_modules/is-root": {
      "version": "2.0.0",
      "resolved": "https://registry.npmjs.org/is-root/-/is-root-2.0.0.tgz",
      "integrity": "sha512-F/pJIk8QD6OX5DNhRB7hWamLsUilmkDGho48KbgZ6xg/lmAZXHxzXQ91jzB3yRSw5kdQGGGc4yz8HYhTYIMWPg==",
      "engines": {
        "node": ">=6"
      }
    },
    "node_modules/promise": {
      "version": "3.2.0",
      "resolved": "http://registry.npmjs.org/promise/-/promise-3.2.0.tgz",
      "integrity": "sha1-tND6KBvNXKnWreVWtp3VlHuau5Q="
    },
    "node_modules/q": {
      "version": "1.4.1",
      "resolved": "https://registry.npmjs.org/q/-/q-1.4.1.tgz",
      "integrity": "sha1-VXBbzZPF82c1MMLCy8DCs63cKG4=",
      "engines": {
        "node": ">=0.6.0",
        "teleport": ">=0.2.0"
      }
    },
    "node_modules/raspberry-info": {
      "version": "1.0.4",
      "resolved": "https://registry.npmjs.org/raspberry-info/-/raspberry-info-1.0.4.tgz",
      "integrity": "sha512-Iukq6aWx33gyPzU/+wgEQaY8PRioOP1DM6dNryPkUS5IvuGIQP5vMB5GuzhjGJ1oTCLw7HHYK6ixQSYMyqq3Kg==",
      "engines": {
        "npm": ">= 4.0.0"
      }
    },
    "node_modules/rpi_measure_temp": {
      "version": "1.0.0",
      "resolved": "https://registry.npmjs.org/rpi_measure_temp/-/rpi_measure_temp-1.0.0.tgz",
      "integrity": "sha512-68Les0DkrEs1qmx20hyKxA/nN/27dULZr0UzisNBBYP23BtcA2fbDgtenZId1iF9IH5Xpyf3qcHgK7Vue5Hd2g=="
    },
    "node_modules/throat": {
      "version": "1.0.0",
      "resolved": "https://registry.npmjs.org/throat/-/throat-1.0.0.tgz",
      "integrity": "sha1-BMng+c6I4lDbYw/eq8LluxUqBiU=",
      "dependencies": {
        "promise": "~3.2.0"
      }
    }
  }
}
