{
  "name": "raspberry-monitor",
  "version": "0.0.0",
  "lockfileVersion": 1,
  "requires": true,
  "dependencies": {
    "async-q": {
      "version": "0.3.1",
      "resolved": "https://registry.npmjs.org/async-q/-/async-q-0.3.1.tgz",
      "integrity": "sha1-WxZwlTYbMm0m634rJaBSvTOaV8Q=",
      "requires": {
        "q": "~1.4.1",
        "throat": "~1.0.0"
      }
    },
    "cross-clear": {
      "version": "1.0.0",
      "resolved": "https://registry.npmjs.org/cross-clear/-/cross-clear-1.0.0.tgz",
      "integrity": "sha1-2jObB7Ecl3UxDQpfbyfDJDeFfUg="
    },
    "promise": {
      "version": "3.2.0",
      "resolved": "http://registry.npmjs.org/promise/-/promise-3.2.0.tgz",
      "integrity": "sha1-tND6KBvNXKnWreVWtp3VlHuau5Q="
    },
    "q": {
      "version": "1.4.1",
      "resolved": "https://registry.npmjs.org/q/-/q-1.4.1.tgz",
      "integrity": "sha1-VXBbzZPF82c1MMLCy8DCs63cKG4="
    },
    "raspberry-info": {
      "version": "1.0.4",
      "resolved": "https://registry.npmjs.org/raspberry-info/-/raspberry-info-1.0.4.tgz",
      "integrity": "sha512-Iukq6aWx33gyPzU/+wgEQaY8PRioOP1DM6dNryPkUS5IvuGIQP5vMB5GuzhjGJ1oTCLw7HHYK6ixQSYMyqq3Kg=="
    },
    "throat": {
      "version": "1.0.0",
      "resolved": "https://registry.npmjs.org/throat/-/throat-1.0.0.tgz",
      "integrity": "sha1-BMng+c6I4lDbYw/eq8LluxUqBiU=",
      "requires": {
        "promise": "~3.2.0"
      }
    }
  }
}
